
Microsoft Visual Studio Solution File, Format Version 12.00
# Visual Studio 15
VisualStudioVersion = 15.0.26124.0
MinimumVisualStudioVersion = 15.0.26124.0
Project("{FAE04EC0-301F-11D3-BF4B-00C04F79EFBC}") = "Domain", "Domain\Domain.csproj", "{8E1E1882-8793-49DC-B61F-A593F5A80269}"
EndProject
Project("{FAE04EC0-301F-11D3-BF4B-00C04F79EFBC}") = "Application", "Application\Application.csproj", "{1894E7C1-B3D0-4E2E-8117-5C55393B85E0}"
EndProject
Project("{FAE04EC0-301F-11D3-BF4B-00C04F79EFBC}") = "Persistence", "Persistence\Persistence.csproj", "{E41ABB00-28EC-4FFF-B4DF-5D7017DFC428}"
EndProject
Project("{FAE04EC0-301F-11D3-BF4B-00C04F79EFBC}") = "API", "API\API.csproj", "{8D6ACF93-36BC-4B8D-B4C8-94BF70DC7BB0}"
EndProject
Global
	GlobalSection(SolutionConfigurationPlatforms) = preSolution
		Debug|Any CPU = Debug|Any CPU
		Debug|x64 = Debug|x64
		Debug|x86 = Debug|x86
		Release|Any CPU = Release|Any CPU
		Release|x64 = Release|x64
		Release|x86 = Release|x86
	EndGlobalSection
	GlobalSection(SolutionProperties) = preSolution
		HideSolutionNode = FALSE
	EndGlobalSection
	GlobalSection(ProjectConfigurationPlatforms) = postSolution
		{8E1E1882-8793-49DC-B61F-A593F5A80269}.Debug|Any CPU.ActiveCfg = Debug|Any CPU
		{8E1E1882-8793-49DC-B61F-A593F5A80269}.Debug|Any CPU.Build.0 = Debug|Any CPU
		{8E1E1882-8793-49DC-B61F-A593F5A80269}.Debug|x64.ActiveCfg = Debug|Any CPU
		{8E1E1882-8793-49DC-B61F-A593F5A80269}.Debug|x64.Build.0 = Debug|Any CPU
		{8E1E1882-8793-49DC-B61F-A593F5A80269}.Debug|x86.ActiveCfg = Debug|Any CPU
		{8E1E1882-8793-49DC-B61F-A593F5A80269}.Debug|x86.Build.0 = Debug|Any CPU
		{8E1E1882-8793-49DC-B61F-A593F5A80269}.Release|Any CPU.ActiveCfg = Release|Any CPU
		{8E1E1882-8793-49DC-B61F-A593F5A80269}.Release|Any CPU.Build.0 = Release|Any CPU
		{8E1E1882-8793-49DC-B61F-A593F5A80269}.Release|x64.ActiveCfg = Release|Any CPU
		{8E1E1882-8793-49DC-B61F-A593F5A80269}.Release|x64.Build.0 = Release|Any CPU
		{8E1E1882-8793-49DC-B61F-A593F5A80269}.Release|x86.ActiveCfg = Release|Any CPU
		{8E1E1882-8793-49DC-B61F-A593F5A80269}.Release|x86.Build.0 = Release|Any CPU
		{1894E7C1-B3D0-4E2E-8117-5C55393B85E0}.Debug|Any CPU.ActiveCfg = Debug|Any CPU
		{1894E7C1-B3D0-4E2E-8117-5C55393B85E0}.Debug|Any CPU.Build.0 = Debug|Any CPU
		{1894E7C1-B3D0-4E2E-8117-5C55393B85E0}.Debug|x64.ActiveCfg = Debug|Any CPU
		{1894E7C1-B3D0-4E2E-8117-5C55393B85E0}.Debug|x64.Build.0 = Debug|Any CPU
		{1894E7C1-B3D0-4E2E-8117-5C55393B85E0}.Debug|x86.ActiveCfg = Debug|Any CPU
		{1894E7C1-B3D0-4E2E-8117-5C55393B85E0}.Debug|x86.Build.0 = Debug|Any CPU
		{1894E7C1-B3D0-4E2E-8117-5C55393B85E0}.Release|Any CPU.ActiveCfg = Release|Any CPU
		{1894E7C1-B3D0-4E2E-8117-5C55393B85E0}.Release|Any CPU.Build.0 = Release|Any CPU
		{1894E7C1-B3D0-4E2E-8117-5C55393B85E0}.Release|x64.ActiveCfg = Release|Any CPU
		{1894E7C1-B3D0-4E2E-8117-5C55393B85E0}.Release|x64.Build.0 = Release|Any CPU
		{1894E7C1-B3D0-4E2E-8117-5C55393B85E0}.Release|x86.ActiveCfg = Release|Any CPU
		{1894E7C1-B3D0-4E2E-8117-5C55393B85E0}.Release|x86.Build.0 = Release|Any CPU
		{E41ABB00-28EC-4FFF-B4DF-5D7017DFC428}.Debug|Any CPU.ActiveCfg = Debug|Any CPU
		{E41ABB00-28EC-4FFF-B4DF-5D7017DFC428}.Debug|Any CPU.Build.0 = Debug|Any CPU
		{E41ABB00-28EC-4FFF-B4DF-5D7017DFC428}.Debug|x64.ActiveCfg = Debug|Any CPU
		{E41ABB00-28EC-4FFF-B4DF-5D7017DFC428}.Debug|x64.Build.0 = Debug|Any CPU
		{E41ABB00-28EC-4FFF-B4DF-5D7017DFC428}.Debug|x86.ActiveCfg = Debug|Any CPU
		{E41ABB00-28EC-4FFF-B4DF-5D7017DFC428}.Debug|x86.Build.0 = Debug|Any CPU
		{E41ABB00-28EC-4FFF-B4DF-5D7017DFC428}.Release|Any CPU.ActiveCfg = Release|Any CPU
		{E41ABB00-28EC-4FFF-B4DF-5D7017DFC428}.Release|Any CPU.Build.0 = Release|Any CPU
		{E41ABB00-28EC-4FFF-B4DF-5D7017DFC428}.Release|x64.ActiveCfg = Release|Any CPU
		{E41ABB00-28EC-4FFF-B4DF-5D7017DFC428}.Release|x64.Build.0 = Release|Any CPU
		{E41ABB00-28EC-4FFF-B4DF-5D7017DFC428}.Release|x86.ActiveCfg = Release|Any CPU
		{E41ABB00-28EC-4FFF-B4DF-5D7017DFC428}.Release|x86.Build.0 = Release|Any CPU
		{8D6ACF93-36BC-4B8D-B4C8-94BF70DC7BB0}.Debug|Any CPU.ActiveCfg = Debug|Any CPU
		{8D6ACF93-36BC-4B8D-B4C8-94BF70DC7BB0}.Debug|Any CPU.Build.0 = Debug|Any CPU
		{8D6ACF93-36BC-4B8D-B4C8-94BF70DC7BB0}.Debug|x64.ActiveCfg = Debug|Any CPU
		{8D6ACF93-36BC-4B8D-B4C8-94BF70DC7BB0}.Debug|x64.Build.0 = Debug|Any CPU
		{8D6ACF93-36BC-4B8D-B4C8-94BF70DC7BB0}.Debug|x86.ActiveCfg = Debug|Any CPU
		{8D6ACF93-36BC-4B8D-B4C8-94BF70DC7BB0}.Debug|x86.Build.0 = Debug|Any CPU
		{8D6ACF93-36BC-4B8D-B4C8-94BF70DC7BB0}.Release|Any CPU.ActiveCfg = Release|Any CPU
		{8D6ACF93-36BC-4B8D-B4C8-94BF70DC7BB0}.Release|Any CPU.Build.0 = Release|Any CPU
		{8D6ACF93-36BC-4B8D-B4C8-94BF70DC7BB0}.Release|x64.ActiveCfg = Release|Any CPU
		{8D6ACF93-36BC-4B8D-B4C8-94BF70DC7BB0}.Release|x64.Build.0 = Release|Any CPU
		{8D6ACF93-36BC-4B8D-B4C8-94BF70DC7BB0}.Release|x86.ActiveCfg = Release|Any CPU
		{8D6ACF93-36BC-4B8D-B4C8-94BF70DC7BB0}.Release|x86.Build.0 = Release|Any CPU
	EndGlobalSection
EndGlobal
